// !$*UTF8*$!
{
	archiveVersion = 1;
	classes = {
	};
	objectVersion = 46;
	objects = {

/* Begin PBXBuildFile section */
		6230293F1E7C344200C3AA1B /* AppDelegate.swift in Sources */ = {isa = PBXBuildFile; fileRef = 6230293E1E7C344200C3AA1B /* AppDelegate.swift */; };
		623029411E7C344200C3AA1B /* ViewController.swift in Sources */ = {isa = PBXBuildFile; fileRef = 623029401E7C344200C3AA1B /* ViewController.swift */; };
		623029441E7C344200C3AA1B /* Main.storyboard in Resources */ = {isa = PBXBuildFile; fileRef = 623029421E7C344200C3AA1B /* Main.storyboard */; };
		623029461E7C344200C3AA1B /* Assets.xcassets in Resources */ = {isa = PBXBuildFile; fileRef = 623029451E7C344200C3AA1B /* Assets.xcassets */; };
		623029491E7C344200C3AA1B /* LaunchScreen.storyboard in Resources */ = {isa = PBXBuildFile; fileRef = 623029471E7C344200C3AA1B /* LaunchScreen.storyboard */; };
/* End PBXBuildFile section */

/* Begin PBXFileReference section */
		6230293B1E7C344100C3AA1B /* soSquare.app */ = {isa = PBXFileReference; explicitFileType = wrapper.application; includeInIndex = 0; path = soSquare.app; sourceTree = BUILT_PRODUCTS_DIR; };
		6230293E1E7C344200C3AA1B /* AppDelegate.swift */ = {isa = PBXFileReference; lastKnownFileType = sourcecode.swift; path = AppDelegate.swift; sourceTree = "<group>"; };
		623029401E7C344200C3AA1B /* ViewController.swift */ = {isa = PBXFileReference; lastKnownFileType = sourcecode.swift; path = ViewController.swift; sourceTree = "<group>"; };
		623029431E7C344200C3AA1B /* Base */ = {isa = PBXFileReference; lastKnownFileType = file.storyboard; name = Base; path = Base.lproj/Main.storyboard; sourceTree = "<group>"; };
		623029451E7C344200C3AA1B /* Assets.xcassets */ = {isa = PBXFileReference; lastKnownFileType = folder.assetcatalog; path = Assets.xcassets; sourceTree = "<group>"; };
		623029481E7C344200C3AA1B /* Base */ = {isa = PBXFileReference; lastKnownFileType = file.storyboard; name = Base; path = Base.lproj/LaunchScreen.storyboard; sourceTree = "<group>"; };
		6230294A1E7C344200C3AA1B /* Info.plist */ = {isa = PBXFileReference; lastKnownFileType = text.plist.xml; path = Info.plist; sourceTree = "<group>"; };
/* End PBXFileReference section */

/* Begin PBXFrameworksBuildPhase section */
		623029381E7C344100C3AA1B /* Frameworks */ = {
			isa = PBXFrameworksBuildPhase;
			buildActionMask = 2147483647;
			files = (
			);
			runOnlyForDeploymentPostprocessing = 0;
		};
/* End PBXFrameworksBuildPhase section */

/* Begin PBXGroup section */
		623029321E7C344100C3AA1B = {
			isa = PBXGroup;
			children = (
				6230293D1E7C344200C3AA1B /* soSquare */,
				6230293C1E7C344100C3AA1B /* Products */,
			);
			sourceTree = "<group>";
		};
		6230293C1E7C344100C3AA1B /* Products */ = {
			isa = PBXGroup;
			children = (
				6230293B1E7C344100C3AA1B /* soSquare.app */,
			);
			name = Products;
			sourceTree = "<group>";
		};
		6230293D1E7C344200C3AA1B /* soSquare */ = {
			isa = PBXGroup;
			children = (
				6230293E1E7C344200C3AA1B /* AppDelegate.swift */,
				623029401E7C344200C3AA1B /* ViewController.swift */,
				623029421E7C344200C3AA1B /* Main.storyboard */,
				623029451E7C344200C3AA1B /* Assets.xcassets */,
				623029471E7C344200C3AA1B /* LaunchScreen.storyboard */,
				6230294A1E7C344200C3AA1B /* Info.plist */,
			);
			path = soSquare;
			sourceTree = "<group>";
		};
/* End PBXGroup section */

/* Begin PBXNativeTarget section */
		6230293A1E7C344100C3AA1B /* soSquare */ = {
			isa = PBXNativeTarget;
			buildConfigurationList = 6230294D1E7C344200C3AA1B /* Build configuration list for PBXNativeTarget "soSquare" */;
			buildPhases = (
				623029371E7C344100C3AA1B /* Sources */,
				623029381E7C344100C3AA1B /* Frameworks */,
				623029391E7C344100C3AA1B /* Resources */,
			);
			buildRules = (
			);
			dependencies = (
			);
			name = soSquare;
			productName = soSquare;
			productReference = 6230293B1E7C344100C3AA1B /* soSquare.app */;
			productType = "com.apple.product-type.application";
		};
/* End PBXNativeTarget section */

/* Begin PBXProject section */
		623029331E7C344100C3AA1B /* Project object */ = {
			isa = PBXProject;
			attributes = {
				LastSwiftUpdateCheck = 0820;
				LastUpgradeCheck = 0820;
				ORGANIZATIONNAME = justDFD;
				TargetAttributes = {
					6230293A1E7C344100C3AA1B = {
						CreatedOnToolsVersion = 8.2.1;
						DevelopmentTeam = 55R2UA3DBL;
						ProvisioningStyle = Automatic;
					};
				};
			};
			buildConfigurationList = 623029361E7C344100C3AA1B /* Build configuration list for PBXProject "soSquare" */;
			compatibilityVersion = "Xcode 3.2";
			developmentRegion = English;
			hasScannedForEncodings = 0;
			knownRegions = (
				en,
				Base,
			);
			mainGroup = 623029321E7C344100C3AA1B;
			productRefGroup = 6230293C1E7C344100C3AA1B /* Products */;
			projectDirPath = "";
			projectRoot = "";
			targets = (
				6230293A1E7C344100C3AA1B /* soSquare */,
			);
		};
/* End PBXProject section */

/* Begin PBXResourcesBuildPhase section */
		623029391E7C344100C3AA1B /* Resources */ = {
			isa = PBXResourcesBuildPhase;
			buildActionMask = 2147483647;
			files = (
				623029491E7C344200C3AA1B /* LaunchScreen.storyboard in Resources */,
				623029461E7C344200C3AA1B /* Assets.xcassets in Resources */,
				623029441E7C344200C3AA1B /* Main.storyboard in Resources */,
			);
			runOnlyForDeploymentPostprocessing = 0;
		};
/* End PBXResourcesBuildPhase section */

/* Begin PBXSourcesBuildPhase section */
		623029371E7C344100C3AA1B /* Sources */ = {
			isa = PBXSourcesBuildPhase;
			buildActionMask = 2147483647;
			files = (
				623029411E7C344200C3AA1B /* ViewController.swift in Sources */,
				6230293F1E7C344200C3AA1B /* AppDelegate.swift in Sources */,
			);
			runOnlyForDeploymentPostprocessing = 0;
		};
/* End PBXSourcesBuildPhase section */

/* Begin PBXVariantGroup section */
		623029421E7C344200C3AA1B /* Main.storyboard */ = {
			isa = PBXVariantGroup;
			children = (
				623029431E7C344200C3AA1B /* Base */,
			);
			name = Main.storyboard;
			sourceTree = "<group>";
		};
		623029471E7C344200C3AA1B /* LaunchScreen.storyboard */ = {
			isa = PBXVariantGroup;
			children = (
				623029481E7C344200C3AA1B /* Base */,
			);
			name = LaunchScreen.storyboard;
			sourceTree = "<group>";
		};
/* End PBXVariantGroup section */

/* Begin XCBuildConfiguration section */
		6230294B1E7C344200C3AA1B /* Debug */ = {
			isa = XCBuildConfiguration;
			buildSettings = {
				ALWAYS_SEARCH_USER_PATHS = NO;
				CLANG_ANALYZER_NONNULL = YES;
				CLANG_CXX_LANGUAGE_STANDARD = "gnu++0x";
				CLANG_CXX_LIBRARY = "libc++";
				CLANG_ENABLE_MODULES = YES;
				CLANG_ENABLE_OBJC_ARC = YES;
				CLANG_WARN_BOOL_CONVERSION = YES;
				CLANG_WARN_CONSTANT_CONVERSION = YES;
				CLANG_WARN_DIRECT_OBJC_ISA_USAGE = YES_ERROR;
				CLANG_WARN_DOCUMENTATION_COMMENTS = YES;
				CLANG_WARN_EMPTY_BODY = YES;
				CLANG_WARN_ENUM_CONVERSION = YES;
				CLANG_WARN_INFINITE_RECURSION = YES;
				CLANG_WARN_INT_CONVERSION = YES;
				CLANG_WARN_OBJC_ROOT_CLASS = YES_ERROR;
				CLANG_WARN_SUSPICIOUS_MOVE = YES;
				CLANG_WARN_UNREACHABLE_CODE = YES;
				CLANG_WARN__DUPLICATE_METHOD_MATCH = YES;
				"CODE_SIGN_IDENTITY[sdk=iphoneos*]" = "iPhone Developer";
				COPY_PHASE_STRIP = NO;
				DEBUG_INFORMATION_FORMAT = dwarf;
				ENABLE_STRICT_OBJC_MSGSEND = YES;
				ENABLE_TESTABILITY = YES;
				GCC_C_LANGUAGE_STANDARD = gnu99;
				GCC_DYNAMIC_NO_PIC = NO;
				GCC_NO_COMMON_BLOCKS = YES;
				GCC_OPTIMIZATION_LEVEL = 0;
				GCC_PREPROCESSOR_DEFINITIONS = (
					"DEBUG=1",
					"$(inherited)",
				);
				GCC_WARN_64_TO_32_BIT_CONVERSION = YES;
				GCC_WARN_ABOUT_RETURN_TYPE = YES_ERROR;
				GCC_WARN_UNDECLARED_SELECTOR = YES;
				GCC_WARN_UNINITIALIZED_AUTOS = YES_AGGRESSIVE;
				GCC_WARN_UNUSED_FUNCTION = YES;
				GCC_WARN_UNUSED_VARIABLE = YES;
				IPHONEOS_DEPLOYMENT_TARGET = 10.2;
				MTL_ENABLE_DEBUG_INFO = YES;
				ONLY_ACTIVE_ARCH = YES;
				SDKROOT = iphoneos;
				SWIFT_ACTIVE_COMPILATION_CONDITIONS = DEBUG;
				SWIFT_OPTIMIZATION_LEVEL = "-Onone";
				TARGETED_DEVICE_FAMILY = "1,2";
			};
			name = Debug;
		};
		6230294C1E7C344200C3AA1B /* Release */ = {
			isa = XCBuildConfiguration;
			buildSettings = {
				ALWAYS_SEARCH_USER_PATHS = NO;
				CLANG_ANALYZER_NONNULL = YES;
				CLANG_CXX_LANGUAGE_STANDARD = "gnu++0x";
				CLANG_CXX_LIBRARY = "libc++";
				CLANG_ENABLE_MODULES = YES;
				CLANG_ENABLE_OBJC_ARC = YES;
				CLANG_WARN_BOOL_CONVERSION = YES;
				CLANG_WARN_CONSTANT_CONVERSION = YES;
				CLANG_WARN_DIRECT_OBJC_ISA_USAGE = YES_ERROR;
				CLANG_WARN_DOCUMENTATION_COMMENTS = YES;
				CLANG_WARN_EMPTY_BODY = YES;
				CLANG_WARN_ENUM_CONVERSION = YES;
				CLANG_WARN_INFINITE_RECURSION = YES;
				CLANG_WARN_INT_CONVERSION = YES;
				CLANG_WARN_OBJC_ROOT_CLASS = YES_ERROR;
				CLANG_WARN_SUSPICIOUS_MOVE = YES;
				CLANG_WARN_UNREACHABLE_CODE = YES;
				CLANG_WARN__DUPLICATE_METHOD_MATCH = YES;
				"CODE_SIGN_IDENTITY[sdk=iphoneos*]" = "iPhone Developer";
				COPY_PHASE_STRIP = NO;
				DEBUG_INFORMATION_FORMAT = "dwarf-with-dsym";
				ENABLE_NS_ASSERTIONS = NO;
				ENABLE_STRICT_OBJC_MSGSEND = YES;
				GCC_C_LANGUAGE_STANDARD = gnu99;
				GCC_NO_COMMON_BLOCKS = YES;
				GCC_WARN_64_TO_32_BIT_CONVERSION = YES;
				GCC_WARN_ABOUT_RETURN_TYPE = YES_ERROR;
				GCC_WARN_UNDECLARED_SELECTOR = YES;
				GCC_WARN_UNINITIALIZED_AUTOS = YES_AGGRESSIVE;
				GCC_WARN_UNUSED_FUNCTION = YES;
				GCC_WARN_UNUSED_VARIABLE = YES;
				IPHONEOS_DEPLOYMENT_TARGET = 10.2;
				MTL_ENABLE_DEBUG_INFO = NO;
				SDKROOT = iphoneos;
				SWIFT_OPTIMIZATION_LEVEL = "-Owholemodule";
				TARGETED_DEVICE_FAMILY = "1,2";
				VALIDATE_PRODUCT = YES;
			};
			name = Release;
		};
		6230294E1E7C344200C3AA1B /* Debug */ = {
			isa = XCBuildConfiguration;
			buildSettings = {
				ASSETCATALOG_COMPILER_APPICON_NAME = AppIcon;
				DEVELOPMENT_TEAM = 55R2UA3DBL;
				INFOPLIST_FILE = soSquare/Info.plist;
				LD_RUNPATH_SEARCH_PATHS = "$(inherited) @executable_path/Frameworks";
				PRODUCT_BUNDLE_IDENTIFIER = com.justdfd.soSquare;
				PRODUCT_NAME = "$(TARGET_NAME)";
				SWIFT_VERSION = 3.0;
			};
			name = Debug;
		};
		6230294F1E7C344200C3AA1B /* Release */ = {
			isa = XCBuildConfiguration;
			buildSettings = {
				ASSETCATALOG_COMPILER_APPICON_NAME = AppIcon;
				DEVELOPMENT_TEAM = 55R2UA3DBL;
				INFOPLIST_FILE = soSquare/Info.plist;
				LD_RUNPATH_SEARCH_PATHS = "$(inherited) @executable_path/Frameworks";
				PRODUCT_BUNDLE_IDENTIFIER = com.justdfd.soSquare;
				PRODUCT_NAME = "$(TARGET_NAME)";
				SWIFT_VERSION = 3.0;
			};
			name = Release;
		};
/* End XCBuildConfiguration section */

/* Begin XCConfigurationList section */
		623029361E7C344100C3AA1B /* Build configuration list for PBXProject "soSquare" */ = {
			isa = XCConfigurationList;
			buildConfigurations = (
				6230294B1E7C344200C3AA1B /* Debug */,
				6230294C1E7C344200C3AA1B /* Release */,
			);
			defaultConfigurationIsVisible = 0;
			defaultConfigurationName = Release;
		};
		6230294D1E7C344200C3AA1B /* Build configuration list for PBXNativeTarget "soSquare" */ = {
			isa = XCConfigurationList;
			buildConfigurations = (
				6230294E1E7C344200C3AA1B /* Debug */,
				6230294F1E7C344200C3AA1B /* Release */,
			);
			defaultConfigurationIsVisible = 0;
		};
/* End XCConfigurationList section */
	};
	rootObject = 623029331E7C344100C3AA1B /* Project object */;
}
